{
  "name": "building-hierarchy",
  "version": "1.0.0",
  "lockfileVersion": 3,
  "requires": true,
  "packages": {
    "": {
      "name": "building-hierarchy",
      "version": "1.0.0",
      "license": "ISC",
      "dependencies": {
        "ag-grid-community": "^33.0.3",
        "ag-grid-enterprise": "^33.0.3"
      },
      "devDependencies": {}
    },
    "node_modules/ag-charts-community": {
      "version": "11.0.3",
      "resolved": "https://registry.npmjs.org/ag-charts-community/-/ag-charts-community-11.0.3.tgz",
      "integrity": "sha512-S3+gGxJSCSqMyyM8x2US1XBpS++UXLqcMu/Ne/PPXK0uyY7Ca4c6cjEj+ne+p0MTzSdgL0NaeGKxnzEyRpma1A==",
      "license": "MIT",
      "optional": true,
      "dependencies": {
        "ag-charts-locale": "11.0.3",
        "ag-charts-types": "11.0.3"
      }
    },
    "node_modules/ag-charts-enterprise": {
      "version": "11.0.3",
      "resolved": "https://registry.npmjs.org/ag-charts-enterprise/-/ag-charts-enterprise-11.0.3.tgz",
      "integrity": "sha512-wr4VZg6nWroNNiEcJLvmaP5V6Pi9Qb2cYrDvHrVNzQCD5pXeqfL0kDWBtulFvSn/ZygMT4Tt8oZtdQPbC3emtw==",
      "license": "Commercial",
      "optional": true,
      "dependencies": {
        "ag-charts-community": "11.0.3"
      }
    },
    "node_modules/ag-charts-locale": {
      "version": "11.0.3",
      "resolved": "https://registry.npmjs.org/ag-charts-locale/-/ag-charts-locale-11.0.3.tgz",
      "integrity": "sha512-DaHGu22bOrS+2WngwlAGwru7gQECMm9rkulGS0CxveNMwXkw42of6R81zcHZYWYRNuxqg00XKuWfa7nzakoO/w==",
      "license": "MIT",
      "optional": true
    },
    "node_modules/ag-charts-types": {
      "version": "11.0.3",
      "resolved": "https://registry.npmjs.org/ag-charts-types/-/ag-charts-types-11.0.3.tgz",
      "integrity": "sha512-q7O2viQXPyO014QVH7KjFCUmQ/NvMBx9ReZtramQ44u+/aAa0ttLi/coK+V0Hse4/MG1eB/2XhgymdooQ0Kalg==",
      "license": "MIT"
    },
    "node_modules/ag-grid-community": {
      "version": "33.0.3",
      "resolved": "https://registry.npmjs.org/ag-grid-community/-/ag-grid-community-33.0.3.tgz",
      "integrity": "sha512-HZeVmVieZ5Gm9j09Itecqm+OIX8X6cU4TJToUbsXv3DxdO9SK5/s8aAJAwBHtNRXOhHrhqQYwrY2yc3OtzWwcQ==",
      "license": "MIT",
      "dependencies": {
        "ag-charts-types": "11.0.3"
      }
    },
    "node_modules/ag-grid-enterprise": {
      "version": "33.0.3",
      "resolved": "https://registry.npmjs.org/ag-grid-enterprise/-/ag-grid-enterprise-33.0.3.tgz",
      "integrity": "sha512-Xdp89+s6vqiAOL3C07XRWKOb5EBeTe1SC21sH4bAtt3cfDvoZatUVZutBN6k/kdKJIE72G7TABjriUyvxwUuMA==",
      "license": "Commercial",
      "dependencies": {
        "ag-grid-community": "33.0.3"
      },
      "optionalDependencies": {
        "ag-charts-community": "11.0.3",
        "ag-charts-enterprise": "11.0.3"
      }
    }
  }
}
